<Solution>
  <Project Path="CloudInvoice.Identity.Api/CloudInvoice.Identity.Api.csproj" />
  <Project Path="CloudInvoice.Identity.Application/CloudInvoice.Identity.Application.csproj" />
  <Project Path="CloudInvoice.Identity.Domain/CloudInvoice.Identity.Domain.csproj" />
  <Project Path="CloudInvoice.Identity.Infrastructure/CloudInvoice.Identity.Infrastructure.csproj" />
</Solution>
